
Microsoft Visual Studio Solution File, Format Version 12.00
# Visual Studio 2017
Project("{FAE04EC0-301F-11D3-BF4B-00C04F79EFBC}") = "Daycare_Disaster", "Daycare_Disaster.csproj", "{4DEC0DDC-1D9C-E172-5EC3-4065758011F0}"
EndProject
Global
	GlobalSection(SolutionConfigurationPlatforms) = preSolution
		Debug|Any CPU = Debug|Any CPU
		Release|Any CPU = Release|Any CPU
	EndGlobalSection
	GlobalSection(ProjectConfigurationPlatforms) = postSolution
		{4DEC0DDC-1D9C-E172-5EC3-4065758011F0}.Debug|Any CPU.ActiveCfg = Debug|Any CPU
		{4DEC0DDC-1D9C-E172-5EC3-4065758011F0}.Debug|Any CPU.Build.0 = Debug|Any CPU
		{4DEC0DDC-1D9C-E172-5EC3-4065758011F0}.Release|Any CPU.ActiveCfg = Release|Any CPU
		{4DEC0DDC-1D9C-E172-5EC3-4065758011F0}.Release|Any CPU.Build.0 = Release|Any CPU
	EndGlobalSection
	GlobalSection(SolutionProperties) = preSolution
		HideSolutionNode = FALSE
	EndGlobalSection
EndGlobal
